
Microsoft Visual Studio Solution File, Format Version 12.00
# Visual Studio Version 17
VisualStudioVersion = 17.1.32228.430
MinimumVisualStudioVersion = 10.0.40219.1
Project("{2150E333-8FDC-42A3-9474-1A3956D46DE8}") = "src", "src", "{101BE887-7C0D-4797-8E74-AA3A46AD943A}"
EndProject
Project("{2150E333-8FDC-42A3-9474-1A3956D46DE8}") = "test", "test", "{3E24060A-8B70-4739-9946-0FD2D79B55D7}"
EndProject
Project("{2150E333-8FDC-42A3-9474-1A3956D46DE8}") = "server", "server", "{1D6559DB-A09A-40A0-BA98-94F1191FF009}"
EndProject
Project("{2150E333-8FDC-42A3-9474-1A3956D46DE8}") = "client", "client", "{22D27B01-9D92-4F8B-8C3B-16B91E78AF00}"
EndProject
Project("{2150E333-8FDC-42A3-9474-1A3956D46DE8}") = "1 - Presentation", "1 - Presentation", "{5F57F292-E8EA-49E2-AC0E-809FA1C7D0DB}"
EndProject
Project("{2150E333-8FDC-42A3-9474-1A3956D46DE8}") = "2 - Services", "2 - Services", "{EF6F6E9E-13BE-46E6-975F-6079FD7D693F}"
EndProject
Project("{2150E333-8FDC-42A3-9474-1A3956D46DE8}") = "3 - Domain", "3 - Domain", "{3F4343CC-09B0-4B4D-A3C3-95915375A634}"
EndProject
Project("{2150E333-8FDC-42A3-9474-1A3956D46DE8}") = "4 - Infra", "4 - Infra", "{6D0FE03E-E21C-4E53-972E-C75371260AB1}"
EndProject
Project("{2150E333-8FDC-42A3-9474-1A3956D46DE8}") = "4.1 - CrossCutting", "4.1 - CrossCutting", "{66A49A7A-A7AE-48AC-99A9-A44F6FA10D98}"
EndProject
Project("{2150E333-8FDC-42A3-9474-1A3956D46DE8}") = "1 - Services", "1 - Services", "{7F450FF8-3C88-465F-B775-7F3807E5DD8E}"
EndProject
Project("{2150E333-8FDC-42A3-9474-1A3956D46DE8}") = "2 - Domain", "2 - Domain", "{F3A3C242-A281-47DE-BCCF-99AEF4C77ADE}"
EndProject
Project("{2150E333-8FDC-42A3-9474-1A3956D46DE8}") = "3 - Infra", "3 - Infra", "{B7BF27E0-3D4E-44E5-AFBF-446947BC37D6}"
EndProject
Project("{2150E333-8FDC-42A3-9474-1A3956D46DE8}") = "3.1 - CrossCutting", "3.1 - CrossCutting", "{67D7D4C2-2AF5-4732-ADED-3F61D0304DD3}"
EndProject
Project("{9A19103F-16F7-4668-BE54-9A1E7A4F7556}") = "Jobsity.CodeChallenge.Chat.UI", "src\client\Jobsity.CodeChallenge.Chat.UI\Jobsity.CodeChallenge.Chat.UI.csproj", "{15C51478-3A7E-4798-BE5A-722E457CE2B4}"
EndProject
Project("{E53339B2-1760-4266-BCC7-CA923CBCF16C}") = "docker-compose", "docker-compose.dcproj", "{E26CBCC7-A93C-443E-9B6C-1AF2C9AE6DEA}"
EndProject
Project("{2150E333-8FDC-42A3-9474-1A3956D46DE8}") = "4.2 - Commons", "4.2 - Commons", "{554DFFDB-EEE0-439F-9C80-6477C7A4770D}"
EndProject
Project("{2150E333-8FDC-42A3-9474-1A3956D46DE8}") = "4.3 - IoC", "4.3 - IoC", "{D583C59E-B1FB-4B05-92E5-751B9FB7FC27}"
EndProject
Global
	GlobalSection(SolutionConfigurationPlatforms) = preSolution
		Debug|Any CPU = Debug|Any CPU
		Release|Any CPU = Release|Any CPU
	EndGlobalSection
	GlobalSection(ProjectConfigurationPlatforms) = postSolution
		{15C51478-3A7E-4798-BE5A-722E457CE2B4}.Debug|Any CPU.ActiveCfg = Debug|Any CPU
		{15C51478-3A7E-4798-BE5A-722E457CE2B4}.Debug|Any CPU.Build.0 = Debug|Any CPU
		{15C51478-3A7E-4798-BE5A-722E457CE2B4}.Release|Any CPU.ActiveCfg = Release|Any CPU
		{15C51478-3A7E-4798-BE5A-722E457CE2B4}.Release|Any CPU.Build.0 = Release|Any CPU
		{E26CBCC7-A93C-443E-9B6C-1AF2C9AE6DEA}.Debug|Any CPU.ActiveCfg = Debug|Any CPU
		{E26CBCC7-A93C-443E-9B6C-1AF2C9AE6DEA}.Debug|Any CPU.Build.0 = Debug|Any CPU
		{E26CBCC7-A93C-443E-9B6C-1AF2C9AE6DEA}.Release|Any CPU.ActiveCfg = Release|Any CPU
		{E26CBCC7-A93C-443E-9B6C-1AF2C9AE6DEA}.Release|Any CPU.Build.0 = Release|Any CPU
	EndGlobalSection
	GlobalSection(SolutionProperties) = preSolution
		HideSolutionNode = FALSE
	EndGlobalSection
	GlobalSection(NestedProjects) = preSolution
		{1D6559DB-A09A-40A0-BA98-94F1191FF009} = {101BE887-7C0D-4797-8E74-AA3A46AD943A}
		{22D27B01-9D92-4F8B-8C3B-16B91E78AF00} = {101BE887-7C0D-4797-8E74-AA3A46AD943A}
		{5F57F292-E8EA-49E2-AC0E-809FA1C7D0DB} = {22D27B01-9D92-4F8B-8C3B-16B91E78AF00}
		{EF6F6E9E-13BE-46E6-975F-6079FD7D693F} = {22D27B01-9D92-4F8B-8C3B-16B91E78AF00}
		{3F4343CC-09B0-4B4D-A3C3-95915375A634} = {22D27B01-9D92-4F8B-8C3B-16B91E78AF00}
		{6D0FE03E-E21C-4E53-972E-C75371260AB1} = {22D27B01-9D92-4F8B-8C3B-16B91E78AF00}
		{66A49A7A-A7AE-48AC-99A9-A44F6FA10D98} = {6D0FE03E-E21C-4E53-972E-C75371260AB1}
		{7F450FF8-3C88-465F-B775-7F3807E5DD8E} = {1D6559DB-A09A-40A0-BA98-94F1191FF009}
		{F3A3C242-A281-47DE-BCCF-99AEF4C77ADE} = {1D6559DB-A09A-40A0-BA98-94F1191FF009}
		{B7BF27E0-3D4E-44E5-AFBF-446947BC37D6} = {1D6559DB-A09A-40A0-BA98-94F1191FF009}
		{67D7D4C2-2AF5-4732-ADED-3F61D0304DD3} = {B7BF27E0-3D4E-44E5-AFBF-446947BC37D6}
		{15C51478-3A7E-4798-BE5A-722E457CE2B4} = {5F57F292-E8EA-49E2-AC0E-809FA1C7D0DB}
		{554DFFDB-EEE0-439F-9C80-6477C7A4770D} = {6D0FE03E-E21C-4E53-972E-C75371260AB1}
		{D583C59E-B1FB-4B05-92E5-751B9FB7FC27} = {6D0FE03E-E21C-4E53-972E-C75371260AB1}
	EndGlobalSection
	GlobalSection(ExtensibilityGlobals) = postSolution
		SolutionGuid = {C58727E8-6A17-4897-9D12-342F8F1815E9}
	EndGlobalSection
EndGlobal
